
Microsoft Visual Studio Solution File, Format Version 12.00
# Visual Studio 2013
VisualStudioVersion = 12.0.40629.0
MinimumVisualStudioVersion = 10.0.40219.1
Project("{FAE04EC0-301F-11D3-BF4B-00C04F79EFBC}") = "AutofacIdentityExample", "AutofacIdentityExample\AutofacIdentityExample.csproj", "{D971291C-2510-451D-ACC4-831399A1E067}"
EndProject
Project("{2150E333-8FDC-42A3-9474-1A3956D46DE8}") = ".nuget", ".nuget", "{78A81E7A-0698-4F11-831E-80A0F14E5B58}"
	ProjectSection(SolutionItems) = preProject
		.nuget\NuGet.Config = .nuget\NuGet.Config
		.nuget\NuGet.exe = .nuget\NuGet.exe
		.nuget\NuGet.targets = .nuget\NuGet.targets
	EndProjectSection
EndProject
Global
	GlobalSection(SolutionConfigurationPlatforms) = preSolution
		Debug|Any CPU = Debug|Any CPU
		Release|Any CPU = Release|Any CPU
	EndGlobalSection
	GlobalSection(ProjectConfigurationPlatforms) = postSolution
		{D971291C-2510-451D-ACC4-831399A1E067}.Debug|Any CPU.ActiveCfg = Debug|Any CPU
		{D971291C-2510-451D-ACC4-831399A1E067}.Debug|Any CPU.Build.0 = Debug|Any CPU
		{D971291C-2510-451D-ACC4-831399A1E067}.Release|Any CPU.ActiveCfg = Release|Any CPU
		{D971291C-2510-451D-ACC4-831399A1E067}.Release|Any CPU.Build.0 = Release|Any CPU
	EndGlobalSection
	GlobalSection(SolutionProperties) = preSolution
		HideSolutionNode = FALSE
	EndGlobalSection
EndGlobal
